// !$*UTF8*$!
{
	archiveVersion = 1;
	classes = {
	};
	objectVersion = 55;
	objects = {

/* Begin PBXBuildFile section */
		0A60F07628A08FE4008538AF /* AppDelegate.swift in Sources */ = {isa = PBXBuildFile; fileRef = 0A60F07528A08FE4008538AF /* AppDelegate.swift */; };
		0A60F07828A08FE4008538AF /* SceneDelegate.swift in Sources */ = {isa = PBXBuildFile; fileRef = 0A60F07728A08FE4008538AF /* SceneDelegate.swift */; };
		0A60F07A28A08FE4008538AF /* BlogSearchViewController.swift in Sources */ = {isa = PBXBuildFile; fileRef = 0A60F07928A08FE4008538AF /* BlogSearchViewController.swift */; };
		0A60F07D28A08FE4008538AF /* Main.storyboard in Resources */ = {isa = PBXBuildFile; fileRef = 0A60F07B28A08FE4008538AF /* Main.storyboard */; };
		0A60F07F28A08FE5008538AF /* Assets.xcassets in Resources */ = {isa = PBXBuildFile; fileRef = 0A60F07E28A08FE5008538AF /* Assets.xcassets */; };
		0A60F08228A08FE5008538AF /* LaunchScreen.storyboard in Resources */ = {isa = PBXBuildFile; fileRef = 0A60F08028A08FE5008538AF /* LaunchScreen.storyboard */; };
		0A60F08B28A09022008538AF /* Alamofire in Frameworks */ = {isa = PBXBuildFile; productRef = 0A60F08A28A09022008538AF /* Alamofire */; };
		0A60F08E28A0902D008538AF /* SwiftyJSON in Frameworks */ = {isa = PBXBuildFile; productRef = 0A60F08D28A0902D008538AF /* SwiftyJSON */; };
		0A60F09128A0903D008538AF /* Kingfisher in Frameworks */ = {isa = PBXBuildFile; productRef = 0A60F09028A0903D008538AF /* Kingfisher */; };
		0A60F09328A090BF008538AF /* .gitignore in Resources */ = {isa = PBXBuildFile; fileRef = 0A60F09228A090BF008538AF /* .gitignore */; };
		0A60F09528A0910A008538AF /* APIKey.swift in Sources */ = {isa = PBXBuildFile; fileRef = 0A60F09428A0910A008538AF /* APIKey.swift */; };
		0A60F09828A09499008538AF /* Endpoint.swift in Sources */ = {isa = PBXBuildFile; fileRef = 0A60F09728A09499008538AF /* Endpoint.swift */; };
		0A60F09A28A09511008538AF /* URL+Extension.swift in Sources */ = {isa = PBXBuildFile; fileRef = 0A60F09928A09511008538AF /* URL+Extension.swift */; };
		0A60F09E28A0A790008538AF /* KakaoAPIManager.swift in Sources */ = {isa = PBXBuildFile; fileRef = 0A60F09D28A0A78F008538AF /* KakaoAPIManager.swift */; };
		0A60F0A028A0ABF5008538AF /* ClosureViewController.swift in Sources */ = {isa = PBXBuildFile; fileRef = 0A60F09F28A0ABF5008538AF /* ClosureViewController.swift */; };
/* End PBXBuildFile section */

/* Begin PBXFileReference section */
		0A60F07228A08FE4008538AF /* Week6.app */ = {isa = PBXFileReference; explicitFileType = wrapper.application; includeInIndex = 0; path = Week6.app; sourceTree = BUILT_PRODUCTS_DIR; };
		0A60F07528A08FE4008538AF /* AppDelegate.swift */ = {isa = PBXFileReference; lastKnownFileType = sourcecode.swift; path = AppDelegate.swift; sourceTree = "<group>"; };
		0A60F07728A08FE4008538AF /* SceneDelegate.swift */ = {isa = PBXFileReference; lastKnownFileType = sourcecode.swift; path = SceneDelegate.swift; sourceTree = "<group>"; };
		0A60F07928A08FE4008538AF /* BlogSearchViewController.swift */ = {isa = PBXFileReference; lastKnownFileType = sourcecode.swift; path = BlogSearchViewController.swift; sourceTree = "<group>"; };
		0A60F07C28A08FE4008538AF /* Base */ = {isa = PBXFileReference; lastKnownFileType = file.storyboard; name = Base; path = Base.lproj/Main.storyboard; sourceTree = "<group>"; };
		0A60F07E28A08FE5008538AF /* Assets.xcassets */ = {isa = PBXFileReference; lastKnownFileType = folder.assetcatalog; path = Assets.xcassets; sourceTree = "<group>"; };
		0A60F08128A08FE5008538AF /* Base */ = {isa = PBXFileReference; lastKnownFileType = file.storyboard; name = Base; path = Base.lproj/LaunchScreen.storyboard; sourceTree = "<group>"; };
		0A60F08328A08FE5008538AF /* Info.plist */ = {isa = PBXFileReference; lastKnownFileType = text.plist.xml; path = Info.plist; sourceTree = "<group>"; };
		0A60F09228A090BF008538AF /* .gitignore */ = {isa = PBXFileReference; lastKnownFileType = text; path = .gitignore; sourceTree = "<group>"; };
		0A60F09428A0910A008538AF /* APIKey.swift */ = {isa = PBXFileReference; lastKnownFileType = sourcecode.swift; path = APIKey.swift; sourceTree = "<group>"; };
		0A60F09728A09499008538AF /* Endpoint.swift */ = {isa = PBXFileReference; lastKnownFileType = sourcecode.swift; path = Endpoint.swift; sourceTree = "<group>"; };
		0A60F09928A09511008538AF /* URL+Extension.swift */ = {isa = PBXFileReference; lastKnownFileType = sourcecode.swift; path = "URL+Extension.swift"; sourceTree = "<group>"; };
		0A60F09D28A0A78F008538AF /* KakaoAPIManager.swift */ = {isa = PBXFileReference; lastKnownFileType = sourcecode.swift; path = KakaoAPIManager.swift; sourceTree = "<group>"; };
		0A60F09F28A0ABF5008538AF /* ClosureViewController.swift */ = {isa = PBXFileReference; lastKnownFileType = sourcecode.swift; path = ClosureViewController.swift; sourceTree = "<group>"; };
/* End PBXFileReference section */

/* Begin PBXFrameworksBuildPhase section */
		0A60F06F28A08FE4008538AF /* Frameworks */ = {
			isa = PBXFrameworksBuildPhase;
			buildActionMask = 2147483647;
			files = (
				0A60F09128A0903D008538AF /* Kingfisher in Frameworks */,
				0A60F08E28A0902D008538AF /* SwiftyJSON in Frameworks */,
				0A60F08B28A09022008538AF /* Alamofire in Frameworks */,
			);
			runOnlyForDeploymentPostprocessing = 0;
		};
/* End PBXFrameworksBuildPhase section */

/* Begin PBXGroup section */
		0A60F06928A08FE4008538AF = {
			isa = PBXGroup;
			children = (
				0A60F09228A090BF008538AF /* .gitignore */,
				0A60F07428A08FE4008538AF /* Week6 */,
				0A60F07328A08FE4008538AF /* Products */,
			);
			sourceTree = "<group>";
		};
		0A60F07328A08FE4008538AF /* Products */ = {
			isa = PBXGroup;
			children = (
				0A60F07228A08FE4008538AF /* Week6.app */,
			);
			name = Products;
			sourceTree = "<group>";
		};
		0A60F07428A08FE4008538AF /* Week6 */ = {
			isa = PBXGroup;
			children = (
				0A60F09428A0910A008538AF /* APIKey.swift */,
				0A60F09628A09483008538AF /* Network */,
				0A60F07528A08FE4008538AF /* AppDelegate.swift */,
				0A60F07728A08FE4008538AF /* SceneDelegate.swift */,
				0A60F07B28A08FE4008538AF /* Main.storyboard */,
				0A60F07928A08FE4008538AF /* BlogSearchViewController.swift */,
				0A60F09F28A0ABF5008538AF /* ClosureViewController.swift */,
				0A60F07E28A08FE5008538AF /* Assets.xcassets */,
				0A60F08028A08FE5008538AF /* LaunchScreen.storyboard */,
				0A60F08328A08FE5008538AF /* Info.plist */,
			);
			path = Week6;
			sourceTree = "<group>";
		};
		0A60F09628A09483008538AF /* Network */ = {
			isa = PBXGroup;
			children = (
				0A60F09728A09499008538AF /* Endpoint.swift */,
				0A60F09928A09511008538AF /* URL+Extension.swift */,
				0A60F09D28A0A78F008538AF /* KakaoAPIManager.swift */,
			);
			path = Network;
			sourceTree = "<group>";
		};
/* End PBXGroup section */

/* Begin PBXNativeTarget section */
		0A60F07128A08FE4008538AF /* Week6 */ = {
			isa = PBXNativeTarget;
			buildConfigurationList = 0A60F08628A08FE5008538AF /* Build configuration list for PBXNativeTarget "Week6" */;
			buildPhases = (
				0A60F06E28A08FE4008538AF /* Sources */,
				0A60F06F28A08FE4008538AF /* Frameworks */,
				0A60F07028A08FE4008538AF /* Resources */,
			);
			buildRules = (
			);
			dependencies = (
			);
			name = Week6;
			packageProductDependencies = (
				0A60F08A28A09022008538AF /* Alamofire */,
				0A60F08D28A0902D008538AF /* SwiftyJSON */,
				0A60F09028A0903D008538AF /* Kingfisher */,
			);
			productName = Week6;
			productReference = 0A60F07228A08FE4008538AF /* Week6.app */;
			productType = "com.apple.product-type.application";
		};
/* End PBXNativeTarget section */

/* Begin PBXProject section */
		0A60F06A28A08FE4008538AF /* Project object */ = {
			isa = PBXProject;
			attributes = {
				BuildIndependentTargetsInParallel = 1;
				LastSwiftUpdateCheck = 1340;
				LastUpgradeCheck = 1340;
				TargetAttributes = {
					0A60F07128A08FE4008538AF = {
						CreatedOnToolsVersion = 13.4.1;
					};
				};
			};
			buildConfigurationList = 0A60F06D28A08FE4008538AF /* Build configuration list for PBXProject "Week6" */;
			compatibilityVersion = "Xcode 13.0";
			developmentRegion = en;
			hasScannedForEncodings = 0;
			knownRegions = (
				en,
				Base,
			);
			mainGroup = 0A60F06928A08FE4008538AF;
			packageReferences = (
				0A60F08928A09022008538AF /* XCRemoteSwiftPackageReference "Alamofire" */,
				0A60F08C28A0902D008538AF /* XCRemoteSwiftPackageReference "SwiftyJSON" */,
				0A60F08F28A0903D008538AF /* XCRemoteSwiftPackageReference "Kingfisher" */,
			);
			productRefGroup = 0A60F07328A08FE4008538AF /* Products */;
			projectDirPath = "";
			projectRoot = "";
			targets = (
				0A60F07128A08FE4008538AF /* Week6 */,
			);
		};
/* End PBXProject section */

/* Begin PBXResourcesBuildPhase section */
		0A60F07028A08FE4008538AF /* Resources */ = {
			isa = PBXResourcesBuildPhase;
			buildActionMask = 2147483647;
			files = (
				0A60F09328A090BF008538AF /* .gitignore in Resources */,
				0A60F08228A08FE5008538AF /* LaunchScreen.storyboard in Resources */,
				0A60F07F28A08FE5008538AF /* Assets.xcassets in Resources */,
				0A60F07D28A08FE4008538AF /* Main.storyboard in Resources */,
			);
			runOnlyForDeploymentPostprocessing = 0;
		};
/* End PBXResourcesBuildPhase section */

/* Begin PBXSourcesBuildPhase section */
		0A60F06E28A08FE4008538AF /* Sources */ = {
			isa = PBXSourcesBuildPhase;
			buildActionMask = 2147483647;
			files = (
				0A60F07A28A08FE4008538AF /* BlogSearchViewController.swift in Sources */,
				0A60F07628A08FE4008538AF /* AppDelegate.swift in Sources */,
				0A60F0A028A0ABF5008538AF /* ClosureViewController.swift in Sources */,
				0A60F09528A0910A008538AF /* APIKey.swift in Sources */,
				0A60F07828A08FE4008538AF /* SceneDelegate.swift in Sources */,
				0A60F09E28A0A790008538AF /* KakaoAPIManager.swift in Sources */,
				0A60F09828A09499008538AF /* Endpoint.swift in Sources */,
				0A60F09A28A09511008538AF /* URL+Extension.swift in Sources */,
			);
			runOnlyForDeploymentPostprocessing = 0;
		};
/* End PBXSourcesBuildPhase section */

/* Begin PBXVariantGroup section */
		0A60F07B28A08FE4008538AF /* Main.storyboard */ = {
			isa = PBXVariantGroup;
			children = (
				0A60F07C28A08FE4008538AF /* Base */,
			);
			name = Main.storyboard;
			sourceTree = "<group>";
		};
		0A60F08028A08FE5008538AF /* LaunchScreen.storyboard */ = {
			isa = PBXVariantGroup;
			children = (
				0A60F08128A08FE5008538AF /* Base */,
			);
			name = LaunchScreen.storyboard;
			sourceTree = "<group>";
		};
/* End PBXVariantGroup section */

/* Begin XCBuildConfiguration section */
		0A60F08428A08FE5008538AF /* Debug */ = {
			isa = XCBuildConfiguration;
			buildSettings = {
				ALWAYS_SEARCH_USER_PATHS = NO;
				CLANG_ANALYZER_NONNULL = YES;
				CLANG_ANALYZER_NUMBER_OBJECT_CONVERSION = YES_AGGRESSIVE;
				CLANG_CXX_LANGUAGE_STANDARD = "gnu++17";
				CLANG_ENABLE_MODULES = YES;
				CLANG_ENABLE_OBJC_ARC = YES;
				CLANG_ENABLE_OBJC_WEAK = YES;
				CLANG_WARN_BLOCK_CAPTURE_AUTORELEASING = YES;
				CLANG_WARN_BOOL_CONVERSION = YES;
				CLANG_WARN_COMMA = YES;
				CLANG_WARN_CONSTANT_CONVERSION = YES;
				CLANG_WARN_DEPRECATED_OBJC_IMPLEMENTATIONS = YES;
				CLANG_WARN_DIRECT_OBJC_ISA_USAGE = YES_ERROR;
				CLANG_WARN_DOCUMENTATION_COMMENTS = YES;
				CLANG_WARN_EMPTY_BODY = YES;
				CLANG_WARN_ENUM_CONVERSION = YES;
				CLANG_WARN_INFINITE_RECURSION = YES;
				CLANG_WARN_INT_CONVERSION = YES;
				CLANG_WARN_NON_LITERAL_NULL_CONVERSION = YES;
				CLANG_WARN_OBJC_IMPLICIT_RETAIN_SELF = YES;
				CLANG_WARN_OBJC_LITERAL_CONVERSION = YES;
				CLANG_WARN_OBJC_ROOT_CLASS = YES_ERROR;
				CLANG_WARN_QUOTED_INCLUDE_IN_FRAMEWORK_HEADER = YES;
				CLANG_WARN_RANGE_LOOP_ANALYSIS = YES;
				CLANG_WARN_STRICT_PROTOTYPES = YES;
				CLANG_WARN_SUSPICIOUS_MOVE = YES;
				CLANG_WARN_UNGUARDED_AVAILABILITY = YES_AGGRESSIVE;
				CLANG_WARN_UNREACHABLE_CODE = YES;
				CLANG_WARN__DUPLICATE_METHOD_MATCH = YES;
				COPY_PHASE_STRIP = NO;
				DEBUG_INFORMATION_FORMAT = dwarf;
				ENABLE_STRICT_OBJC_MSGSEND = YES;
				ENABLE_TESTABILITY = YES;
				GCC_C_LANGUAGE_STANDARD = gnu11;
				GCC_DYNAMIC_NO_PIC = NO;
				GCC_NO_COMMON_BLOCKS = YES;
				GCC_OPTIMIZATION_LEVEL = 0;
				GCC_PREPROCESSOR_DEFINITIONS = (
					"DEBUG=1",
					"$(inherited)",
				);
				GCC_WARN_64_TO_32_BIT_CONVERSION = YES;
				GCC_WARN_ABOUT_RETURN_TYPE = YES_ERROR;
				GCC_WARN_UNDECLARED_SELECTOR = YES;
				GCC_WARN_UNINITIALIZED_AUTOS = YES_AGGRESSIVE;
				GCC_WARN_UNUSED_FUNCTION = YES;
				GCC_WARN_UNUSED_VARIABLE = YES;
				IPHONEOS_DEPLOYMENT_TARGET = 15.5;
				MTL_ENABLE_DEBUG_INFO = INCLUDE_SOURCE;
				MTL_FAST_MATH = YES;
				ONLY_ACTIVE_ARCH = YES;
				SDKROOT = iphoneos;
				SWIFT_ACTIVE_COMPILATION_CONDITIONS = DEBUG;
				SWIFT_OPTIMIZATION_LEVEL = "-Onone";
			};
			name = Debug;
		};
		0A60F08528A08FE5008538AF /* Release */ = {
			isa = XCBuildConfiguration;
			buildSettings = {
				ALWAYS_SEARCH_USER_PATHS = NO;
				CLANG_ANALYZER_NONNULL = YES;
				CLANG_ANALYZER_NUMBER_OBJECT_CONVERSION = YES_AGGRESSIVE;
				CLANG_CXX_LANGUAGE_STANDARD = "gnu++17";
				CLANG_ENABLE_MODULES = YES;
				CLANG_ENABLE_OBJC_ARC = YES;
				CLANG_ENABLE_OBJC_WEAK = YES;
				CLANG_WARN_BLOCK_CAPTURE_AUTORELEASING = YES;
				CLANG_WARN_BOOL_CONVERSION = YES;
				CLANG_WARN_COMMA = YES;
				CLANG_WARN_CONSTANT_CONVERSION = YES;
				CLANG_WARN_DEPRECATED_OBJC_IMPLEMENTATIONS = YES;
				CLANG_WARN_DIRECT_OBJC_ISA_USAGE = YES_ERROR;
				CLANG_WARN_DOCUMENTATION_COMMENTS = YES;
				CLANG_WARN_EMPTY_BODY = YES;
				CLANG_WARN_ENUM_CONVERSION = YES;
				CLANG_WARN_INFINITE_RECURSION = YES;
				CLANG_WARN_INT_CONVERSION = YES;
				CLANG_WARN_NON_LITERAL_NULL_CONVERSION = YES;
				CLANG_WARN_OBJC_IMPLICIT_RETAIN_SELF = YES;
				CLANG_WARN_OBJC_LITERAL_CONVERSION = YES;
				CLANG_WARN_OBJC_ROOT_CLASS = YES_ERROR;
				CLANG_WARN_QUOTED_INCLUDE_IN_FRAMEWORK_HEADER = YES;
				CLANG_WARN_RANGE_LOOP_ANALYSIS = YES;
				CLANG_WARN_STRICT_PROTOTYPES = YES;
				CLANG_WARN_SUSPICIOUS_MOVE = YES;
				CLANG_WARN_UNGUARDED_AVAILABILITY = YES_AGGRESSIVE;
				CLANG_WARN_UNREACHABLE_CODE = YES;
				CLANG_WARN__DUPLICATE_METHOD_MATCH = YES;
				COPY_PHASE_STRIP = NO;
				DEBUG_INFORMATION_FORMAT = "dwarf-with-dsym";
				ENABLE_NS_ASSERTIONS = NO;
				ENABLE_STRICT_OBJC_MSGSEND = YES;
				GCC_C_LANGUAGE_STANDARD = gnu11;
				GCC_NO_COMMON_BLOCKS = YES;
				GCC_WARN_64_TO_32_BIT_CONVERSION = YES;
				GCC_WARN_ABOUT_RETURN_TYPE = YES_ERROR;
				GCC_WARN_UNDECLARED_SELECTOR = YES;
				GCC_WARN_UNINITIALIZED_AUTOS = YES_AGGRESSIVE;
				GCC_WARN_UNUSED_FUNCTION = YES;
				GCC_WARN_UNUSED_VARIABLE = YES;
				IPHONEOS_DEPLOYMENT_TARGET = 15.5;
				MTL_ENABLE_DEBUG_INFO = NO;
				MTL_FAST_MATH = YES;
				SDKROOT = iphoneos;
				SWIFT_COMPILATION_MODE = wholemodule;
				SWIFT_OPTIMIZATION_LEVEL = "-O";
				VALIDATE_PRODUCT = YES;
			};
			name = Release;
		};
		0A60F08728A08FE5008538AF /* Debug */ = {
			isa = XCBuildConfiguration;
			buildSettings = {
				ASSETCATALOG_COMPILER_APPICON_NAME = AppIcon;
				ASSETCATALOG_COMPILER_GLOBAL_ACCENT_COLOR_NAME = AccentColor;
				CODE_SIGN_STYLE = Automatic;
				CURRENT_PROJECT_VERSION = 1;
				GENERATE_INFOPLIST_FILE = YES;
				INFOPLIST_FILE = Week6/Info.plist;
				INFOPLIST_KEY_UIApplicationSupportsIndirectInputEvents = YES;
				INFOPLIST_KEY_UILaunchStoryboardName = LaunchScreen;
				INFOPLIST_KEY_UIMainStoryboardFile = Main;
				INFOPLIST_KEY_UISupportedInterfaceOrientations_iPad = "UIInterfaceOrientationPortrait UIInterfaceOrientationPortraitUpsideDown UIInterfaceOrientationLandscapeLeft UIInterfaceOrientationLandscapeRight";
				INFOPLIST_KEY_UISupportedInterfaceOrientations_iPhone = "UIInterfaceOrientationPortrait UIInterfaceOrientationLandscapeLeft UIInterfaceOrientationLandscapeRight";
				LD_RUNPATH_SEARCH_PATHS = (
					"$(inherited)",
					"@executable_path/Frameworks",
				);
				MARKETING_VERSION = 1.0;
				PRODUCT_BUNDLE_IDENTIFIER = com.sani.Week6;
				PRODUCT_NAME = "$(TARGET_NAME)";
				SWIFT_EMIT_LOC_STRINGS = YES;
				SWIFT_VERSION = 5.0;
				TARGETED_DEVICE_FAMILY = "1,2";
			};
			name = Debug;
		};
		0A60F08828A08FE5008538AF /* Release */ = {
			isa = XCBuildConfiguration;
			buildSettings = {
				ASSETCATALOG_COMPILER_APPICON_NAME = AppIcon;
				ASSETCATALOG_COMPILER_GLOBAL_ACCENT_COLOR_NAME = AccentColor;
				CODE_SIGN_STYLE = Automatic;
				CURRENT_PROJECT_VERSION = 1;
				GENERATE_INFOPLIST_FILE = YES;
				INFOPLIST_FILE = Week6/Info.plist;
				INFOPLIST_KEY_UIApplicationSupportsIndirectInputEvents = YES;
				INFOPLIST_KEY_UILaunchStoryboardName = LaunchScreen;
				INFOPLIST_KEY_UIMainStoryboardFile = Main;
				INFOPLIST_KEY_UISupportedInterfaceOrientations_iPad = "UIInterfaceOrientationPortrait UIInterfaceOrientationPortraitUpsideDown UIInterfaceOrientationLandscapeLeft UIInterfaceOrientationLandscapeRight";
				INFOPLIST_KEY_UISupportedInterfaceOrientations_iPhone = "UIInterfaceOrientationPortrait UIInterfaceOrientationLandscapeLeft UIInterfaceOrientationLandscapeRight";
				LD_RUNPATH_SEARCH_PATHS = (
					"$(inherited)",
					"@executable_path/Frameworks",
				);
				MARKETING_VERSION = 1.0;
				PRODUCT_BUNDLE_IDENTIFIER = com.sani.Week6;
				PRODUCT_NAME = "$(TARGET_NAME)";
				SWIFT_EMIT_LOC_STRINGS = YES;
				SWIFT_VERSION = 5.0;
				TARGETED_DEVICE_FAMILY = "1,2";
			};
			name = Release;
		};
/* End XCBuildConfiguration section */

/* Begin XCConfigurationList section */
		0A60F06D28A08FE4008538AF /* Build configuration list for PBXProject "Week6" */ = {
			isa = XCConfigurationList;
			buildConfigurations = (
				0A60F08428A08FE5008538AF /* Debug */,
				0A60F08528A08FE5008538AF /* Release */,
			);
			defaultConfigurationIsVisible = 0;
			defaultConfigurationName = Release;
		};
		0A60F08628A08FE5008538AF /* Build configuration list for PBXNativeTarget "Week6" */ = {
			isa = XCConfigurationList;
			buildConfigurations = (
				0A60F08728A08FE5008538AF /* Debug */,
				0A60F08828A08FE5008538AF /* Release */,
			);
			defaultConfigurationIsVisible = 0;
			defaultConfigurationName = Release;
		};
/* End XCConfigurationList section */

/* Begin XCRemoteSwiftPackageReference section */
		0A60F08928A09022008538AF /* XCRemoteSwiftPackageReference "Alamofire" */ = {
			isa = XCRemoteSwiftPackageReference;
			repositoryURL = "https://github.com/Alamofire/Alamofire.git";
			requirement = {
				kind = upToNextMajorVersion;
				minimumVersion = 5.0.0;
			};
		};
		0A60F08C28A0902D008538AF /* XCRemoteSwiftPackageReference "SwiftyJSON" */ = {
			isa = XCRemoteSwiftPackageReference;
			repositoryURL = "https://github.com/SwiftyJSON/SwiftyJSON.git";
			requirement = {
				kind = upToNextMajorVersion;
				minimumVersion = 5.0.0;
			};
		};
		0A60F08F28A0903D008538AF /* XCRemoteSwiftPackageReference "Kingfisher" */ = {
			isa = XCRemoteSwiftPackageReference;
			repositoryURL = "https://github.com/onevcat/Kingfisher.git";
			requirement = {
				kind = upToNextMajorVersion;
				minimumVersion = 7.0.0;
			};
		};
/* End XCRemoteSwiftPackageReference section */

/* Begin XCSwiftPackageProductDependency section */
		0A60F08A28A09022008538AF /* Alamofire */ = {
			isa = XCSwiftPackageProductDependency;
			package = 0A60F08928A09022008538AF /* XCRemoteSwiftPackageReference "Alamofire" */;
			productName = Alamofire;
		};
		0A60F08D28A0902D008538AF /* SwiftyJSON */ = {
			isa = XCSwiftPackageProductDependency;
			package = 0A60F08C28A0902D008538AF /* XCRemoteSwiftPackageReference "SwiftyJSON" */;
			productName = SwiftyJSON;
		};
		0A60F09028A0903D008538AF /* Kingfisher */ = {
			isa = XCSwiftPackageProductDependency;
			package = 0A60F08F28A0903D008538AF /* XCRemoteSwiftPackageReference "Kingfisher" */;
			productName = Kingfisher;
		};
/* End XCSwiftPackageProductDependency section */
	};
	rootObject = 0A60F06A28A08FE4008538AF /* Project object */;
}
